// !$*UTF8*$!
{
	archiveVersion = 1;
	classes = {
	};
	objectVersion = 48;
	objects = {

/* Begin PBXBuildFile section */
		B70874A21FFF0B040066D55D /* AppDelegate.swift in Sources */ = {isa = PBXBuildFile; fileRef = B70874A11FFF0B040066D55D /* AppDelegate.swift */; };
		B70874A71FFF0B040066D55D /* Main.storyboard in Resources */ = {isa = PBXBuildFile; fileRef = B70874A51FFF0B040066D55D /* Main.storyboard */; };
		B70874A91FFF0B040066D55D /* Assets.xcassets in Resources */ = {isa = PBXBuildFile; fileRef = B70874A81FFF0B040066D55D /* Assets.xcassets */; };
		B70874AC1FFF0B040066D55D /* LaunchScreen.storyboard in Resources */ = {isa = PBXBuildFile; fileRef = B70874AA1FFF0B040066D55D /* LaunchScreen.storyboard */; };
		B70874B41FFF0BF30066D55D /* ChecklistViewController.swift in Sources */ = {isa = PBXBuildFile; fileRef = B70874B31FFF0BF30066D55D /* ChecklistViewController.swift */; };
/* End PBXBuildFile section */

/* Begin PBXFileReference section */
		B708749E1FFF0B040066D55D /* Checklists.app */ = {isa = PBXFileReference; explicitFileType = wrapper.application; includeInIndex = 0; path = Checklists.app; sourceTree = BUILT_PRODUCTS_DIR; };
		B70874A11FFF0B040066D55D /* AppDelegate.swift */ = {isa = PBXFileReference; lastKnownFileType = sourcecode.swift; path = AppDelegate.swift; sourceTree = "<group>"; };
		B70874A61FFF0B040066D55D /* Base */ = {isa = PBXFileReference; lastKnownFileType = file.storyboard; name = Base; path = Base.lproj/Main.storyboard; sourceTree = "<group>"; };
		B70874A81FFF0B040066D55D /* Assets.xcassets */ = {isa = PBXFileReference; lastKnownFileType = folder.assetcatalog; path = Assets.xcassets; sourceTree = "<group>"; };
		B70874AB1FFF0B040066D55D /* Base */ = {isa = PBXFileReference; lastKnownFileType = file.storyboard; name = Base; path = Base.lproj/LaunchScreen.storyboard; sourceTree = "<group>"; };
		B70874AD1FFF0B040066D55D /* Info.plist */ = {isa = PBXFileReference; lastKnownFileType = text.plist.xml; path = Info.plist; sourceTree = "<group>"; };
		B70874B31FFF0BF30066D55D /* ChecklistViewController.swift */ = {isa = PBXFileReference; lastKnownFileType = sourcecode.swift; path = ChecklistViewController.swift; sourceTree = "<group>"; };
/* End PBXFileReference section */

/* Begin PBXFrameworksBuildPhase section */
		B708749B1FFF0B040066D55D /* Frameworks */ = {
			isa = PBXFrameworksBuildPhase;
			buildActionMask = 2147483647;
			files = (
			);
			runOnlyForDeploymentPostprocessing = 0;
		};
/* End PBXFrameworksBuildPhase section */

/* Begin PBXGroup section */
		B70874951FFF0B030066D55D = {
			isa = PBXGroup;
			children = (
				B70874A01FFF0B040066D55D /* Checklists */,
				B708749F1FFF0B040066D55D /* Products */,
			);
			sourceTree = "<group>";
		};
		B708749F1FFF0B040066D55D /* Products */ = {
			isa = PBXGroup;
			children = (
				B708749E1FFF0B040066D55D /* Checklists.app */,
			);
			name = Products;
			sourceTree = "<group>";
		};
		B70874A01FFF0B040066D55D /* Checklists */ = {
			isa = PBXGroup;
			children = (
				B70874A11FFF0B040066D55D /* AppDelegate.swift */,
				B70874B71FFF0C220066D55D /* Models */,
				B70874B81FFF0C2A0066D55D /* Views */,
				B70874B51FFF0C0C0066D55D /* Controllers */,
				B70874B91FFF0C3D0066D55D /* Storyboards */,
				B70874B61FFF0C1C0066D55D /* Resources */,
			);
			path = Checklists;
			sourceTree = "<group>";
		};
		B70874B51FFF0C0C0066D55D /* Controllers */ = {
			isa = PBXGroup;
			children = (
				B70874B31FFF0BF30066D55D /* ChecklistViewController.swift */,
			);
			path = Controllers;
			sourceTree = "<group>";
		};
		B70874B61FFF0C1C0066D55D /* Resources */ = {
			isa = PBXGroup;
			children = (
				B70874A81FFF0B040066D55D /* Assets.xcassets */,
				B70874AD1FFF0B040066D55D /* Info.plist */,
			);
			path = Resources;
			sourceTree = "<group>";
		};
		B70874B71FFF0C220066D55D /* Models */ = {
			isa = PBXGroup;
			children = (
			);
			path = Models;
			sourceTree = "<group>";
		};
		B70874B81FFF0C2A0066D55D /* Views */ = {
			isa = PBXGroup;
			children = (
			);
			path = Views;
			sourceTree = "<group>";
		};
		B70874B91FFF0C3D0066D55D /* Storyboards */ = {
			isa = PBXGroup;
			children = (
				B70874A51FFF0B040066D55D /* Main.storyboard */,
				B70874AA1FFF0B040066D55D /* LaunchScreen.storyboard */,
			);
			name = Storyboards;
			path = "New Group";
			sourceTree = "<group>";
		};
/* End PBXGroup section */

/* Begin PBXNativeTarget section */
		B708749D1FFF0B040066D55D /* Checklists */ = {
			isa = PBXNativeTarget;
			buildConfigurationList = B70874B01FFF0B040066D55D /* Build configuration list for PBXNativeTarget "Checklists" */;
			buildPhases = (
				B708749A1FFF0B040066D55D /* Sources */,
				B708749B1FFF0B040066D55D /* Frameworks */,
				B708749C1FFF0B040066D55D /* Resources */,
			);
			buildRules = (
			);
			dependencies = (
			);
			name = Checklists;
			productName = Checklists;
			productReference = B708749E1FFF0B040066D55D /* Checklists.app */;
			productType = "com.apple.product-type.application";
		};
/* End PBXNativeTarget section */

/* Begin PBXProject section */
		B70874961FFF0B030066D55D /* Project object */ = {
			isa = PBXProject;
			attributes = {
				LastSwiftUpdateCheck = 0920;
				LastUpgradeCheck = 0920;
				ORGANIZATIONNAME = khanh.nguyen;
				TargetAttributes = {
					B708749D1FFF0B040066D55D = {
						CreatedOnToolsVersion = 9.2;
						ProvisioningStyle = Automatic;
					};
				};
			};
			buildConfigurationList = B70874991FFF0B030066D55D /* Build configuration list for PBXProject "Checklists" */;
			compatibilityVersion = "Xcode 8.0";
			developmentRegion = en;
			hasScannedForEncodings = 0;
			knownRegions = (
				en,
				Base,
			);
			mainGroup = B70874951FFF0B030066D55D;
			productRefGroup = B708749F1FFF0B040066D55D /* Products */;
			projectDirPath = "";
			projectRoot = "";
			targets = (
				B708749D1FFF0B040066D55D /* Checklists */,
			);
		};
/* End PBXProject section */

/* Begin PBXResourcesBuildPhase section */
		B708749C1FFF0B040066D55D /* Resources */ = {
			isa = PBXResourcesBuildPhase;
			buildActionMask = 2147483647;
			files = (
				B70874AC1FFF0B040066D55D /* LaunchScreen.storyboard in Resources */,
				B70874A91FFF0B040066D55D /* Assets.xcassets in Resources */,
				B70874A71FFF0B040066D55D /* Main.storyboard in Resources */,
			);
			runOnlyForDeploymentPostprocessing = 0;
		};
/* End PBXResourcesBuildPhase section */

/* Begin PBXSourcesBuildPhase section */
		B708749A1FFF0B040066D55D /* Sources */ = {
			isa = PBXSourcesBuildPhase;
			buildActionMask = 2147483647;
			files = (
				B70874B41FFF0BF30066D55D /* ChecklistViewController.swift in Sources */,
				B70874A21FFF0B040066D55D /* AppDelegate.swift in Sources */,
			);
			runOnlyForDeploymentPostprocessing = 0;
		};
/* End PBXSourcesBuildPhase section */

/* Begin PBXVariantGroup section */
		B70874A51FFF0B040066D55D /* Main.storyboard */ = {
			isa = PBXVariantGroup;
			children = (
				B70874A61FFF0B040066D55D /* Base */,
			);
			name = Main.storyboard;
			sourceTree = "<group>";
		};
		B70874AA1FFF0B040066D55D /* LaunchScreen.storyboard */ = {
			isa = PBXVariantGroup;
			children = (
				B70874AB1FFF0B040066D55D /* Base */,
			);
			name = LaunchScreen.storyboard;
			sourceTree = "<group>";
		};
/* End PBXVariantGroup section */

/* Begin XCBuildConfiguration section */
		B70874AE1FFF0B040066D55D /* Debug */ = {
			isa = XCBuildConfiguration;
			buildSettings = {
				ALWAYS_SEARCH_USER_PATHS = NO;
				CLANG_ANALYZER_NONNULL = YES;
				CLANG_ANALYZER_NUMBER_OBJECT_CONVERSION = YES_AGGRESSIVE;
				CLANG_CXX_LANGUAGE_STANDARD = "gnu++14";
				CLANG_CXX_LIBRARY = "libc++";
				CLANG_ENABLE_MODULES = YES;
				CLANG_ENABLE_OBJC_ARC = YES;
				CLANG_WARN_BLOCK_CAPTURE_AUTORELEASING = YES;
				CLANG_WARN_BOOL_CONVERSION = YES;
				CLANG_WARN_COMMA = YES;
				CLANG_WARN_CONSTANT_CONVERSION = YES;
				CLANG_WARN_DIRECT_OBJC_ISA_USAGE = YES_ERROR;
				CLANG_WARN_DOCUMENTATION_COMMENTS = YES;
				CLANG_WARN_EMPTY_BODY = YES;
				CLANG_WARN_ENUM_CONVERSION = YES;
				CLANG_WARN_INFINITE_RECURSION = YES;
				CLANG_WARN_INT_CONVERSION = YES;
				CLANG_WARN_NON_LITERAL_NULL_CONVERSION = YES;
				CLANG_WARN_OBJC_LITERAL_CONVERSION = YES;
				CLANG_WARN_OBJC_ROOT_CLASS = YES_ERROR;
				CLANG_WARN_RANGE_LOOP_ANALYSIS = YES;
				CLANG_WARN_STRICT_PROTOTYPES = YES;
				CLANG_WARN_SUSPICIOUS_MOVE = YES;
				CLANG_WARN_UNGUARDED_AVAILABILITY = YES_AGGRESSIVE;
				CLANG_WARN_UNREACHABLE_CODE = YES;
				CLANG_WARN__DUPLICATE_METHOD_MATCH = YES;
				CODE_SIGN_IDENTITY = "iPhone Developer";
				COPY_PHASE_STRIP = NO;
				DEBUG_INFORMATION_FORMAT = dwarf;
				ENABLE_STRICT_OBJC_MSGSEND = YES;
				ENABLE_TESTABILITY = YES;
				GCC_C_LANGUAGE_STANDARD = gnu11;
				GCC_DYNAMIC_NO_PIC = NO;
				GCC_NO_COMMON_BLOCKS = YES;
				GCC_OPTIMIZATION_LEVEL = 0;
				GCC_PREPROCESSOR_DEFINITIONS = (
					"DEBUG=1",
					"$(inherited)",
				);
				GCC_WARN_64_TO_32_BIT_CONVERSION = YES;
				GCC_WARN_ABOUT_RETURN_TYPE = YES_ERROR;
				GCC_WARN_UNDECLARED_SELECTOR = YES;
				GCC_WARN_UNINITIALIZED_AUTOS = YES_AGGRESSIVE;
				GCC_WARN_UNUSED_FUNCTION = YES;
				GCC_WARN_UNUSED_VARIABLE = YES;
				IPHONEOS_DEPLOYMENT_TARGET = 11.2;
				MTL_ENABLE_DEBUG_INFO = YES;
				ONLY_ACTIVE_ARCH = YES;
				SDKROOT = iphoneos;
				SWIFT_ACTIVE_COMPILATION_CONDITIONS = DEBUG;
				SWIFT_OPTIMIZATION_LEVEL = "-Onone";
			};
			name = Debug;
		};
		B70874AF1FFF0B040066D55D /* Release */ = {
			isa = XCBuildConfiguration;
			buildSettings = {
				ALWAYS_SEARCH_USER_PATHS = NO;
				CLANG_ANALYZER_NONNULL = YES;
				CLANG_ANALYZER_NUMBER_OBJECT_CONVERSION = YES_AGGRESSIVE;
				CLANG_CXX_LANGUAGE_STANDARD = "gnu++14";
				CLANG_CXX_LIBRARY = "libc++";
				CLANG_ENABLE_MODULES = YES;
				CLANG_ENABLE_OBJC_ARC = YES;
				CLANG_WARN_BLOCK_CAPTURE_AUTORELEASING = YES;
				CLANG_WARN_BOOL_CONVERSION = YES;
				CLANG_WARN_COMMA = YES;
				CLANG_WARN_CONSTANT_CONVERSION = YES;
				CLANG_WARN_DIRECT_OBJC_ISA_USAGE = YES_ERROR;
				CLANG_WARN_DOCUMENTATION_COMMENTS = YES;
				CLANG_WARN_EMPTY_BODY = YES;
				CLANG_WARN_ENUM_CONVERSION = YES;
				CLANG_WARN_INFINITE_RECURSION = YES;
				CLANG_WARN_INT_CONVERSION = YES;
				CLANG_WARN_NON_LITERAL_NULL_CONVERSION = YES;
				CLANG_WARN_OBJC_LITERAL_CONVERSION = YES;
				CLANG_WARN_OBJC_ROOT_CLASS = YES_ERROR;
				CLANG_WARN_RANGE_LOOP_ANALYSIS = YES;
				CLANG_WARN_STRICT_PROTOTYPES = YES;
				CLANG_WARN_SUSPICIOUS_MOVE = YES;
				CLANG_WARN_UNGUARDED_AVAILABILITY = YES_AGGRESSIVE;
				CLANG_WARN_UNREACHABLE_CODE = YES;
				CLANG_WARN__DUPLICATE_METHOD_MATCH = YES;
				CODE_SIGN_IDENTITY = "iPhone Developer";
				COPY_PHASE_STRIP = NO;
				DEBUG_INFORMATION_FORMAT = "dwarf-with-dsym";
				ENABLE_NS_ASSERTIONS = NO;
				ENABLE_STRICT_OBJC_MSGSEND = YES;
				GCC_C_LANGUAGE_STANDARD = gnu11;
				GCC_NO_COMMON_BLOCKS = YES;
				GCC_WARN_64_TO_32_BIT_CONVERSION = YES;
				GCC_WARN_ABOUT_RETURN_TYPE = YES_ERROR;
				GCC_WARN_UNDECLARED_SELECTOR = YES;
				GCC_WARN_UNINITIALIZED_AUTOS = YES_AGGRESSIVE;
				GCC_WARN_UNUSED_FUNCTION = YES;
				GCC_WARN_UNUSED_VARIABLE = YES;
				IPHONEOS_DEPLOYMENT_TARGET = 11.2;
				MTL_ENABLE_DEBUG_INFO = NO;
				SDKROOT = iphoneos;
				SWIFT_OPTIMIZATION_LEVEL = "-Owholemodule";
				VALIDATE_PRODUCT = YES;
			};
			name = Release;
		};
		B70874B11FFF0B040066D55D /* Debug */ = {
			isa = XCBuildConfiguration;
			buildSettings = {
				ASSETCATALOG_COMPILER_APPICON_NAME = AppIcon;
				CODE_SIGN_STYLE = Automatic;
				DEVELOPMENT_TEAM = 8GRCRJCWSL;
				INFOPLIST_FILE = "$(SRCROOT)/Checklists/Resources/Info.plist";
				LD_RUNPATH_SEARCH_PATHS = "$(inherited) @executable_path/Frameworks";
				PRODUCT_BUNDLE_IDENTIFIER = khanh.nguyen.Checklists;
				PRODUCT_NAME = "$(TARGET_NAME)";
				SWIFT_VERSION = 4.0;
				TARGETED_DEVICE_FAMILY = 1;
			};
			name = Debug;
		};
		B70874B21FFF0B040066D55D /* Release */ = {
			isa = XCBuildConfiguration;
			buildSettings = {
				ASSETCATALOG_COMPILER_APPICON_NAME = AppIcon;
				CODE_SIGN_STYLE = Automatic;
				DEVELOPMENT_TEAM = 8GRCRJCWSL;
				INFOPLIST_FILE = "$(SRCROOT)/Checklists/Resources/Info.plist";
				LD_RUNPATH_SEARCH_PATHS = "$(inherited) @executable_path/Frameworks";
				PRODUCT_BUNDLE_IDENTIFIER = khanh.nguyen.Checklists;
				PRODUCT_NAME = "$(TARGET_NAME)";
				SWIFT_VERSION = 4.0;
				TARGETED_DEVICE_FAMILY = 1;
			};
			name = Release;
		};
/* End XCBuildConfiguration section */

/* Begin XCConfigurationList section */
		B70874991FFF0B030066D55D /* Build configuration list for PBXProject "Checklists" */ = {
			isa = XCConfigurationList;
			buildConfigurations = (
				B70874AE1FFF0B040066D55D /* Debug */,
				B70874AF1FFF0B040066D55D /* Release */,
			);
			defaultConfigurationIsVisible = 0;
			defaultConfigurationName = Release;
		};
		B70874B01FFF0B040066D55D /* Build configuration list for PBXNativeTarget "Checklists" */ = {
			isa = XCConfigurationList;
			buildConfigurations = (
				B70874B11FFF0B040066D55D /* Debug */,
				B70874B21FFF0B040066D55D /* Release */,
			);
			defaultConfigurationIsVisible = 0;
			defaultConfigurationName = Release;
		};
/* End XCConfigurationList section */
	};
	rootObject = B70874961FFF0B030066D55D /* Project object */;
}
